
Microsoft Visual Studio Solution File, Format Version 12.00
# Visual Studio Version 16
VisualStudioVersion = 16.0.31019.35
MinimumVisualStudioVersion = 10.0.40219.1
Project("{FAE04EC0-301F-11D3-BF4B-00C04F79EFBC}") = "OyunDemo", "OyunDemo\OyunDemo.csproj", "{11896EB7-6F7E-4FA8-8D30-0473F5F32409}"
EndProject
Global
	GlobalSection(SolutionConfigurationPlatforms) = preSolution
		Debug|Any CPU = Debug|Any CPU
		Release|Any CPU = Release|Any CPU
	EndGlobalSection
	GlobalSection(ProjectConfigurationPlatforms) = postSolution
		{11896EB7-6F7E-4FA8-8D30-0473F5F32409}.Debug|Any CPU.ActiveCfg = Debug|Any CPU
		{11896EB7-6F7E-4FA8-8D30-0473F5F32409}.Debug|Any CPU.Build.0 = Debug|Any CPU
		{11896EB7-6F7E-4FA8-8D30-0473F5F32409}.Release|Any CPU.ActiveCfg = Release|Any CPU
		{11896EB7-6F7E-4FA8-8D30-0473F5F32409}.Release|Any CPU.Build.0 = Release|Any CPU
	EndGlobalSection
	GlobalSection(SolutionProperties) = preSolution
		HideSolutionNode = FALSE
	EndGlobalSection
	GlobalSection(ExtensibilityGlobals) = postSolution
		SolutionGuid = {5AE990BE-263E-4A9D-A881-95CCFA43FBBA}
	EndGlobalSection
EndGlobal
